
Microsoft Visual Studio Solution File, Format Version 12.00
# Visual Studio Version 17
VisualStudioVersion = 17.13.35828.75
MinimumVisualStudioVersion = 10.0.40219.1
Project("{FAE04EC0-301F-11D3-BF4B-00C04F79EFBC}") = "Project", "Customer\Project.csproj", "{F3A8FA56-75FF-41C1-B330-A6EE2ABC3270}"
EndProject
Global
	GlobalSection(SolutionConfigurationPlatforms) = preSolution
		Debug|Any CPU = Debug|Any CPU
		Release|Any CPU = Release|Any CPU
	EndGlobalSection
	GlobalSection(ProjectConfigurationPlatforms) = postSolution
		{F3A8FA56-75FF-41C1-B330-A6EE2ABC3270}.Debug|Any CPU.ActiveCfg = Debug|Any CPU
		{F3A8FA56-75FF-41C1-B330-A6EE2ABC3270}.Debug|Any CPU.Build.0 = Debug|Any CPU
		{F3A8FA56-75FF-41C1-B330-A6EE2ABC3270}.Release|Any CPU.ActiveCfg = Release|Any CPU
		{F3A8FA56-75FF-41C1-B330-A6EE2ABC3270}.Release|Any CPU.Build.0 = Release|Any CPU
	EndGlobalSection
	GlobalSection(SolutionProperties) = preSolution
		HideSolutionNode = FALSE
	EndGlobalSection
	GlobalSection(ExtensibilityGlobals) = postSolution
		SolutionGuid = {CA7D7491-A344-468B-9A24-540EFB9B577D}
	EndGlobalSection
EndGlobal
